
Microsoft Visual Studio Solution File, Format Version 12.00
# Visual Studio Version 17
VisualStudioVersion = 17.10.35013.160
MinimumVisualStudioVersion = 10.0.40219.1
Project("{FAE04EC0-301F-11D3-BF4B-00C04F79EFBC}") = "Task_2", "Task_2\Task_2.csproj", "{5D1A32C9-D780-4EB6-ABEE-0F99014C8C6B}"
EndProject
Global
	GlobalSection(SolutionConfigurationPlatforms) = preSolution
		Debug|Any CPU = Debug|Any CPU
		Release|Any CPU = Release|Any CPU
	EndGlobalSection
	GlobalSection(ProjectConfigurationPlatforms) = postSolution
		{5D1A32C9-D780-4EB6-ABEE-0F99014C8C6B}.Debug|Any CPU.ActiveCfg = Debug|Any CPU
		{5D1A32C9-D780-4EB6-ABEE-0F99014C8C6B}.Debug|Any CPU.Build.0 = Debug|Any CPU
		{5D1A32C9-D780-4EB6-ABEE-0F99014C8C6B}.Release|Any CPU.ActiveCfg = Release|Any CPU
		{5D1A32C9-D780-4EB6-ABEE-0F99014C8C6B}.Release|Any CPU.Build.0 = Release|Any CPU
	EndGlobalSection
	GlobalSection(SolutionProperties) = preSolution
		HideSolutionNode = FALSE
	EndGlobalSection
	GlobalSection(ExtensibilityGlobals) = postSolution
		SolutionGuid = {7E3DD54D-E702-4BC6-9323-8F85CEF80C33}
	EndGlobalSection
EndGlobal
