
Microsoft Visual Studio Solution File, Format Version 12.00
# Visual Studio Version 17
VisualStudioVersion = 17.10.35013.160
MinimumVisualStudioVersion = 10.0.40219.1
Project("{FAE04EC0-301F-11D3-BF4B-00C04F79EFBC}") = "task25-06", "task25-06\task25-06.csproj", "{FD631996-DD2A-4ACD-BD1D-40FA97C2D29A}"
EndProject
Global
	GlobalSection(SolutionConfigurationPlatforms) = preSolution
		Debug|Any CPU = Debug|Any CPU
		Release|Any CPU = Release|Any CPU
	EndGlobalSection
	GlobalSection(ProjectConfigurationPlatforms) = postSolution
		{FD631996-DD2A-4ACD-BD1D-40FA97C2D29A}.Debug|Any CPU.ActiveCfg = Debug|Any CPU
		{FD631996-DD2A-4ACD-BD1D-40FA97C2D29A}.Debug|Any CPU.Build.0 = Debug|Any CPU
		{FD631996-DD2A-4ACD-BD1D-40FA97C2D29A}.Release|Any CPU.ActiveCfg = Release|Any CPU
		{FD631996-DD2A-4ACD-BD1D-40FA97C2D29A}.Release|Any CPU.Build.0 = Release|Any CPU
	EndGlobalSection
	GlobalSection(SolutionProperties) = preSolution
		HideSolutionNode = FALSE
	EndGlobalSection
	GlobalSection(ExtensibilityGlobals) = postSolution
		SolutionGuid = {50C2A748-D3AE-4C27-9F62-A386784F226D}
	EndGlobalSection
EndGlobal
